# This file is automatically @generated by Poetry and should not be changed by hand.

[[package]]
name = "midiutil"
version = "1.2.1"
description = "A pure python library for creating multi-track MIDI files"
category = "main"
optional = false
python-versions = "*"
files = [
    {file = "MIDIUtil-1.2.1.tar.gz", hash = "sha256:79fa983bd1efc60785f68a8fe78fa8f45b8d7ec5898bf7cb7f3f7f3336d6a90a"},
]

[metadata]
lock-version = "2.0"
python-versions = "^3.9"
content-hash = "625536efd269d88397519137242b3a3a7015caaa41a376b69a6f52a2883aad80"
